// !$*UTF8*$!
{
	archiveVersion = 1;
	classes = {
	};
	objectVersion = 50;
	objects = {

/* Begin PBXBuildFile section */
		1A1FA38B26E412F000CFFBB8 /* FotoJSONApp.swift in Sources */ = {isa = PBXBuildFile; fileRef = 1A1FA38A26E412F000CFFBB8 /* FotoJSONApp.swift */; };
		1A1FA38D26E412F000CFFBB8 /* HomePhotoView.swift in Sources */ = {isa = PBXBuildFile; fileRef = 1A1FA38C26E412F000CFFBB8 /* HomePhotoView.swift */; };
		1A1FA38F26E412F300CFFBB8 /* Assets.xcassets in Resources */ = {isa = PBXBuildFile; fileRef = 1A1FA38E26E412F300CFFBB8 /* Assets.xcassets */; };
		1A1FA39226E412F300CFFBB8 /* Preview Assets.xcassets in Resources */ = {isa = PBXBuildFile; fileRef = 1A1FA39126E412F300CFFBB8 /* Preview Assets.xcassets */; };
		1A1FA39D26E413E000CFFBB8 /* Photo.swift in Sources */ = {isa = PBXBuildFile; fileRef = 1A1FA39C26E413E000CFFBB8 /* Photo.swift */; };
		1A1FA39F26E4147400CFFBB8 /* PhotoViewModel.swift in Sources */ = {isa = PBXBuildFile; fileRef = 1A1FA39E26E4147400CFFBB8 /* PhotoViewModel.swift */; };
/* End PBXBuildFile section */

/* Begin PBXFileReference section */
		1A1FA38726E412F000CFFBB8 /* FotoJSON.app */ = {isa = PBXFileReference; explicitFileType = wrapper.application; includeInIndex = 0; path = FotoJSON.app; sourceTree = BUILT_PRODUCTS_DIR; };
		1A1FA38A26E412F000CFFBB8 /* FotoJSONApp.swift */ = {isa = PBXFileReference; lastKnownFileType = sourcecode.swift; path = FotoJSONApp.swift; sourceTree = "<group>"; };
		1A1FA38C26E412F000CFFBB8 /* HomePhotoView.swift */ = {isa = PBXFileReference; lastKnownFileType = sourcecode.swift; path = HomePhotoView.swift; sourceTree = "<group>"; };
		1A1FA38E26E412F300CFFBB8 /* Assets.xcassets */ = {isa = PBXFileReference; lastKnownFileType = folder.assetcatalog; path = Assets.xcassets; sourceTree = "<group>"; };
		1A1FA39126E412F300CFFBB8 /* Preview Assets.xcassets */ = {isa = PBXFileReference; lastKnownFileType = folder.assetcatalog; path = "Preview Assets.xcassets"; sourceTree = "<group>"; };
		1A1FA39326E412F300CFFBB8 /* Info.plist */ = {isa = PBXFileReference; lastKnownFileType = text.plist.xml; path = Info.plist; sourceTree = "<group>"; };
		1A1FA39C26E413E000CFFBB8 /* Photo.swift */ = {isa = PBXFileReference; lastKnownFileType = sourcecode.swift; path = Photo.swift; sourceTree = "<group>"; };
		1A1FA39E26E4147400CFFBB8 /* PhotoViewModel.swift */ = {isa = PBXFileReference; lastKnownFileType = sourcecode.swift; path = PhotoViewModel.swift; sourceTree = "<group>"; };
/* End PBXFileReference section */

/* Begin PBXFrameworksBuildPhase section */
		1A1FA38426E412F000CFFBB8 /* Frameworks */ = {
			isa = PBXFrameworksBuildPhase;
			buildActionMask = 2147483647;
			files = (
			);
			runOnlyForDeploymentPostprocessing = 0;
		};
/* End PBXFrameworksBuildPhase section */

/* Begin PBXGroup section */
		1A1FA37E26E412F000CFFBB8 = {
			isa = PBXGroup;
			children = (
				1A1FA38926E412F000CFFBB8 /* FotoJSON */,
				1A1FA38826E412F000CFFBB8 /* Products */,
			);
			sourceTree = "<group>";
		};
		1A1FA38826E412F000CFFBB8 /* Products */ = {
			isa = PBXGroup;
			children = (
				1A1FA38726E412F000CFFBB8 /* FotoJSON.app */,
			);
			name = Products;
			sourceTree = "<group>";
		};
		1A1FA38926E412F000CFFBB8 /* FotoJSON */ = {
			isa = PBXGroup;
			children = (
				1A1FA38A26E412F000CFFBB8 /* FotoJSONApp.swift */,
				1A1FA39B26E4133B00CFFBB8 /* Views */,
				1A1FA39A26E4133200CFFBB8 /* ViewModel */,
				1A1FA39926E4132B00CFFBB8 /* Model */,
				1A1FA38E26E412F300CFFBB8 /* Assets.xcassets */,
				1A1FA39326E412F300CFFBB8 /* Info.plist */,
				1A1FA39026E412F300CFFBB8 /* Preview Content */,
			);
			path = FotoJSON;
			sourceTree = "<group>";
		};
		1A1FA39026E412F300CFFBB8 /* Preview Content */ = {
			isa = PBXGroup;
			children = (
				1A1FA39126E412F300CFFBB8 /* Preview Assets.xcassets */,
			);
			path = "Preview Content";
			sourceTree = "<group>";
		};
		1A1FA39926E4132B00CFFBB8 /* Model */ = {
			isa = PBXGroup;
			children = (
				1A1FA39C26E413E000CFFBB8 /* Photo.swift */,
			);
			path = Model;
			sourceTree = "<group>";
		};
		1A1FA39A26E4133200CFFBB8 /* ViewModel */ = {
			isa = PBXGroup;
			children = (
				1A1FA39E26E4147400CFFBB8 /* PhotoViewModel.swift */,
			);
			path = ViewModel;
			sourceTree = "<group>";
		};
		1A1FA39B26E4133B00CFFBB8 /* Views */ = {
			isa = PBXGroup;
			children = (
				1A1FA38C26E412F000CFFBB8 /* HomePhotoView.swift */,
			);
			path = Views;
			sourceTree = "<group>";
		};
/* End PBXGroup section */

/* Begin PBXNativeTarget section */
		1A1FA38626E412F000CFFBB8 /* FotoJSON */ = {
			isa = PBXNativeTarget;
			buildConfigurationList = 1A1FA39626E412F300CFFBB8 /* Build configuration list for PBXNativeTarget "FotoJSON" */;
			buildPhases = (
				1A1FA38326E412F000CFFBB8 /* Sources */,
				1A1FA38426E412F000CFFBB8 /* Frameworks */,
				1A1FA38526E412F000CFFBB8 /* Resources */,
			);
			buildRules = (
			);
			dependencies = (
			);
			name = FotoJSON;
			productName = FotoJSON;
			productReference = 1A1FA38726E412F000CFFBB8 /* FotoJSON.app */;
			productType = "com.apple.product-type.application";
		};
/* End PBXNativeTarget section */

/* Begin PBXProject section */
		1A1FA37F26E412F000CFFBB8 /* Project object */ = {
			isa = PBXProject;
			attributes = {
				LastSwiftUpdateCheck = 1250;
				LastUpgradeCheck = 1250;
				TargetAttributes = {
					1A1FA38626E412F000CFFBB8 = {
						CreatedOnToolsVersion = 12.5.1;
					};
				};
			};
			buildConfigurationList = 1A1FA38226E412F000CFFBB8 /* Build configuration list for PBXProject "FotoJSON" */;
			compatibilityVersion = "Xcode 9.3";
			developmentRegion = en;
			hasScannedForEncodings = 0;
			knownRegions = (
				en,
				Base,
			);
			mainGroup = 1A1FA37E26E412F000CFFBB8;
			productRefGroup = 1A1FA38826E412F000CFFBB8 /* Products */;
			projectDirPath = "";
			projectRoot = "";
			targets = (
				1A1FA38626E412F000CFFBB8 /* FotoJSON */,
			);
		};
/* End PBXProject section */

/* Begin PBXResourcesBuildPhase section */
		1A1FA38526E412F000CFFBB8 /* Resources */ = {
			isa = PBXResourcesBuildPhase;
			buildActionMask = 2147483647;
			files = (
				1A1FA39226E412F300CFFBB8 /* Preview Assets.xcassets in Resources */,
				1A1FA38F26E412F300CFFBB8 /* Assets.xcassets in Resources */,
			);
			runOnlyForDeploymentPostprocessing = 0;
		};
/* End PBXResourcesBuildPhase section */

/* Begin PBXSourcesBuildPhase section */
		1A1FA38326E412F000CFFBB8 /* Sources */ = {
			isa = PBXSourcesBuildPhase;
			buildActionMask = 2147483647;
			files = (
				1A1FA38D26E412F000CFFBB8 /* HomePhotoView.swift in Sources */,
				1A1FA38B26E412F000CFFBB8 /* FotoJSONApp.swift in Sources */,
				1A1FA39F26E4147400CFFBB8 /* PhotoViewModel.swift in Sources */,
				1A1FA39D26E413E000CFFBB8 /* Photo.swift in Sources */,
			);
			runOnlyForDeploymentPostprocessing = 0;
		};
/* End PBXSourcesBuildPhase section */

/* Begin XCBuildConfiguration section */
		1A1FA39426E412F300CFFBB8 /* Debug */ = {
			isa = XCBuildConfiguration;
			buildSettings = {
				ALWAYS_SEARCH_USER_PATHS = NO;
				CLANG_ANALYZER_NONNULL = YES;
				CLANG_ANALYZER_NUMBER_OBJECT_CONVERSION = YES_AGGRESSIVE;
				CLANG_CXX_LANGUAGE_STANDARD = "gnu++14";
				CLANG_CXX_LIBRARY = "libc++";
				CLANG_ENABLE_MODULES = YES;
				CLANG_ENABLE_OBJC_ARC = YES;
				CLANG_ENABLE_OBJC_WEAK = YES;
				CLANG_WARN_BLOCK_CAPTURE_AUTORELEASING = YES;
				CLANG_WARN_BOOL_CONVERSION = YES;
				CLANG_WARN_COMMA = YES;
				CLANG_WARN_CONSTANT_CONVERSION = YES;
				CLANG_WARN_DEPRECATED_OBJC_IMPLEMENTATIONS = YES;
				CLANG_WARN_DIRECT_OBJC_ISA_USAGE = YES_ERROR;
				CLANG_WARN_DOCUMENTATION_COMMENTS = YES;
				CLANG_WARN_EMPTY_BODY = YES;
				CLANG_WARN_ENUM_CONVERSION = YES;
				CLANG_WARN_INFINITE_RECURSION = YES;
				CLANG_WARN_INT_CONVERSION = YES;
				CLANG_WARN_NON_LITERAL_NULL_CONVERSION = YES;
				CLANG_WARN_OBJC_IMPLICIT_RETAIN_SELF = YES;
				CLANG_WARN_OBJC_LITERAL_CONVERSION = YES;
				CLANG_WARN_OBJC_ROOT_CLASS = YES_ERROR;
				CLANG_WARN_QUOTED_INCLUDE_IN_FRAMEWORK_HEADER = YES;
				CLANG_WARN_RANGE_LOOP_ANALYSIS = YES;
				CLANG_WARN_STRICT_PROTOTYPES = YES;
				CLANG_WARN_SUSPICIOUS_MOVE = YES;
				CLANG_WARN_UNGUARDED_AVAILABILITY = YES_AGGRESSIVE;
				CLANG_WARN_UNREACHABLE_CODE = YES;
				CLANG_WARN__DUPLICATE_METHOD_MATCH = YES;
				COPY_PHASE_STRIP = NO;
				DEBUG_INFORMATION_FORMAT = dwarf;
				ENABLE_STRICT_OBJC_MSGSEND = YES;
				ENABLE_TESTABILITY = YES;
				GCC_C_LANGUAGE_STANDARD = gnu11;
				GCC_DYNAMIC_NO_PIC = NO;
				GCC_NO_COMMON_BLOCKS = YES;
				GCC_OPTIMIZATION_LEVEL = 0;
				GCC_PREPROCESSOR_DEFINITIONS = (
					"DEBUG=1",
					"$(inherited)",
				);
				GCC_WARN_64_TO_32_BIT_CONVERSION = YES;
				GCC_WARN_ABOUT_RETURN_TYPE = YES_ERROR;
				GCC_WARN_UNDECLARED_SELECTOR = YES;
				GCC_WARN_UNINITIALIZED_AUTOS = YES_AGGRESSIVE;
				GCC_WARN_UNUSED_FUNCTION = YES;
				GCC_WARN_UNUSED_VARIABLE = YES;
				IPHONEOS_DEPLOYMENT_TARGET = 14.5;
				MTL_ENABLE_DEBUG_INFO = INCLUDE_SOURCE;
				MTL_FAST_MATH = YES;
				ONLY_ACTIVE_ARCH = YES;
				SDKROOT = iphoneos;
				SWIFT_ACTIVE_COMPILATION_CONDITIONS = DEBUG;
				SWIFT_OPTIMIZATION_LEVEL = "-Onone";
			};
			name = Debug;
		};
		1A1FA39526E412F300CFFBB8 /* Release */ = {
			isa = XCBuildConfiguration;
			buildSettings = {
				ALWAYS_SEARCH_USER_PATHS = NO;
				CLANG_ANALYZER_NONNULL = YES;
				CLANG_ANALYZER_NUMBER_OBJECT_CONVERSION = YES_AGGRESSIVE;
				CLANG_CXX_LANGUAGE_STANDARD = "gnu++14";
				CLANG_CXX_LIBRARY = "libc++";
				CLANG_ENABLE_MODULES = YES;
				CLANG_ENABLE_OBJC_ARC = YES;
				CLANG_ENABLE_OBJC_WEAK = YES;
				CLANG_WARN_BLOCK_CAPTURE_AUTORELEASING = YES;
				CLANG_WARN_BOOL_CONVERSION = YES;
				CLANG_WARN_COMMA = YES;
				CLANG_WARN_CONSTANT_CONVERSION = YES;
				CLANG_WARN_DEPRECATED_OBJC_IMPLEMENTATIONS = YES;
				CLANG_WARN_DIRECT_OBJC_ISA_USAGE = YES_ERROR;
				CLANG_WARN_DOCUMENTATION_COMMENTS = YES;
				CLANG_WARN_EMPTY_BODY = YES;
				CLANG_WARN_ENUM_CONVERSION = YES;
				CLANG_WARN_INFINITE_RECURSION = YES;
				CLANG_WARN_INT_CONVERSION = YES;
				CLANG_WARN_NON_LITERAL_NULL_CONVERSION = YES;
				CLANG_WARN_OBJC_IMPLICIT_RETAIN_SELF = YES;
				CLANG_WARN_OBJC_LITERAL_CONVERSION = YES;
				CLANG_WARN_OBJC_ROOT_CLASS = YES_ERROR;
				CLANG_WARN_QUOTED_INCLUDE_IN_FRAMEWORK_HEADER = YES;
				CLANG_WARN_RANGE_LOOP_ANALYSIS = YES;
				CLANG_WARN_STRICT_PROTOTYPES = YES;
				CLANG_WARN_SUSPICIOUS_MOVE = YES;
				CLANG_WARN_UNGUARDED_AVAILABILITY = YES_AGGRESSIVE;
				CLANG_WARN_UNREACHABLE_CODE = YES;
				CLANG_WARN__DUPLICATE_METHOD_MATCH = YES;
				COPY_PHASE_STRIP = NO;
				DEBUG_INFORMATION_FORMAT = "dwarf-with-dsym";
				ENABLE_NS_ASSERTIONS = NO;
				ENABLE_STRICT_OBJC_MSGSEND = YES;
				GCC_C_LANGUAGE_STANDARD = gnu11;
				GCC_NO_COMMON_BLOCKS = YES;
				GCC_WARN_64_TO_32_BIT_CONVERSION = YES;
				GCC_WARN_ABOUT_RETURN_TYPE = YES_ERROR;
				GCC_WARN_UNDECLARED_SELECTOR = YES;
				GCC_WARN_UNINITIALIZED_AUTOS = YES_AGGRESSIVE;
				GCC_WARN_UNUSED_FUNCTION = YES;
				GCC_WARN_UNUSED_VARIABLE = YES;
				IPHONEOS_DEPLOYMENT_TARGET = 14.5;
				MTL_ENABLE_DEBUG_INFO = NO;
				MTL_FAST_MATH = YES;
				SDKROOT = iphoneos;
				SWIFT_COMPILATION_MODE = wholemodule;
				SWIFT_OPTIMIZATION_LEVEL = "-O";
				VALIDATE_PRODUCT = YES;
			};
			name = Release;
		};
		1A1FA39726E412F300CFFBB8 /* Debug */ = {
			isa = XCBuildConfiguration;
			buildSettings = {
				ASSETCATALOG_COMPILER_APPICON_NAME = AppIcon;
				ASSETCATALOG_COMPILER_GLOBAL_ACCENT_COLOR_NAME = AccentColor;
				CODE_SIGN_STYLE = Automatic;
				DEVELOPMENT_ASSET_PATHS = "\"FotoJSON/Preview Content\"";
				DEVELOPMENT_TEAM = H5J3S6F67R;
				ENABLE_PREVIEWS = YES;
				INFOPLIST_FILE = FotoJSON/Info.plist;
				IPHONEOS_DEPLOYMENT_TARGET = 14.0;
				LD_RUNPATH_SEARCH_PATHS = (
					"$(inherited)",
					"@executable_path/Frameworks",
				);
				PRODUCT_BUNDLE_IDENTIFIER = com.pal.artem.FotoJSON;
				PRODUCT_NAME = "$(TARGET_NAME)";
				SWIFT_VERSION = 5.0;
				TARGETED_DEVICE_FAMILY = "1,2";
			};
			name = Debug;
		};
		1A1FA39826E412F300CFFBB8 /* Release */ = {
			isa = XCBuildConfiguration;
			buildSettings = {
				ASSETCATALOG_COMPILER_APPICON_NAME = AppIcon;
				ASSETCATALOG_COMPILER_GLOBAL_ACCENT_COLOR_NAME = AccentColor;
				CODE_SIGN_STYLE = Automatic;
				DEVELOPMENT_ASSET_PATHS = "\"FotoJSON/Preview Content\"";
				DEVELOPMENT_TEAM = H5J3S6F67R;
				ENABLE_PREVIEWS = YES;
				INFOPLIST_FILE = FotoJSON/Info.plist;
				IPHONEOS_DEPLOYMENT_TARGET = 14.0;
				LD_RUNPATH_SEARCH_PATHS = (
					"$(inherited)",
					"@executable_path/Frameworks",
				);
				PRODUCT_BUNDLE_IDENTIFIER = com.pal.artem.FotoJSON;
				PRODUCT_NAME = "$(TARGET_NAME)";
				SWIFT_VERSION = 5.0;
				TARGETED_DEVICE_FAMILY = "1,2";
			};
			name = Release;
		};
/* End XCBuildConfiguration section */

/* Begin XCConfigurationList section */
		1A1FA38226E412F000CFFBB8 /* Build configuration list for PBXProject "FotoJSON" */ = {
			isa = XCConfigurationList;
			buildConfigurations = (
				1A1FA39426E412F300CFFBB8 /* Debug */,
				1A1FA39526E412F300CFFBB8 /* Release */,
			);
			defaultConfigurationIsVisible = 0;
			defaultConfigurationName = Release;
		};
		1A1FA39626E412F300CFFBB8 /* Build configuration list for PBXNativeTarget "FotoJSON" */ = {
			isa = XCConfigurationList;
			buildConfigurations = (
				1A1FA39726E412F300CFFBB8 /* Debug */,
				1A1FA39826E412F300CFFBB8 /* Release */,
			);
			defaultConfigurationIsVisible = 0;
			defaultConfigurationName = Release;
		};
/* End XCConfigurationList section */
	};
	rootObject = 1A1FA37F26E412F000CFFBB8 /* Project object */;
}
